Microsoft Visual Studio Solution File, Format Version 12.00
# Visual Studio 2012
Project("{FAE04EC0-301F-11D3-BF4B-00C04F79EFBC}") = "ShooterDemo", "ShooterDemo.csproj", "{34DC6B11-5338-40DF-AD10-F30E66A21F63}"
EndProject
Global
	GlobalSection(SolutionConfigurationPlatforms) = preSolution
	Debug|Any CPU = Debug|Any CPU
	ExportDebug|Any CPU = ExportDebug|Any CPU
	ExportRelease|Any CPU = ExportRelease|Any CPU
	EndGlobalSection
	GlobalSection(ProjectConfigurationPlatforms) = postSolution
		{34DC6B11-5338-40DF-AD10-F30E66A21F63}.Debug|Any CPU.ActiveCfg = Debug|Any CPU
		{34DC6B11-5338-40DF-AD10-F30E66A21F63}.Debug|Any CPU.Build.0 = Debug|Any CPU
		{34DC6B11-5338-40DF-AD10-F30E66A21F63}.ExportDebug|Any CPU.ActiveCfg = ExportDebug|Any CPU
		{34DC6B11-5338-40DF-AD10-F30E66A21F63}.ExportDebug|Any CPU.Build.0 = ExportDebug|Any CPU
		{34DC6B11-5338-40DF-AD10-F30E66A21F63}.ExportRelease|Any CPU.ActiveCfg = ExportRelease|Any CPU
		{34DC6B11-5338-40DF-AD10-F30E66A21F63}.ExportRelease|Any CPU.Build.0 = ExportRelease|Any CPU
	EndGlobalSection
EndGlobal
